<?xml version="1.0" encoding="UTF-8" standalone="yes" ?>
<CodeBlocks_project_file>
	<FileVersion major="1" minor="6" />
	<Project>
		<Option title="RPGDemo" />
		<Option pch_mode="2" />
		<Option compiler="gcc" />
		<Build>
			<Target title="Debug">
				<Option output="..\bin\Debug\SideScrollerDemo" prefix_auto="1" extension_auto="1" />
				<Option object_output="..\obj\Debug\" />
				<Option type="1" />
				<Option compiler="gcc" />
				<Compiler>
					<Add option="-g" />
					<Add directory="C:\Users\Gaming\Documents\GitHub\AdamantEngine\Engine\src" />
					<Add directory="C:\Users\Gaming\Documents\GitHub\AdamantEngine\Engine\contrib\mingw\include" />
				</Compiler>
				<Linker>
					<Add option="-lmingw32" />
					<Add option="-lSDL.dll" />
					<Add option="-lSDLmain" />
					<Add library="..\Engine\bin\libadamantengine.a" />
					<Add library="..\Engine\contrib\mingw\lib\libSDL.dll.a" />
					<Add library="..\Engine\contrib\mingw\lib\libSDLmain.a" />
					<Add directory="..\Engine\contrib\mingw\lib" />
					<Add directory="..\Engine\contrib\lib" />
				</Linker>
			</Target>
			<Target title="Release">
				<Option output="bin\Release\SideScrollerDemo" prefix_auto="1" extension_auto="1" />
				<Option object_output="obj\Release\" />
				<Option type="1" />
				<Option compiler="gcc" />
				<Compiler>
					<Add option="-O2" />
				</Compiler>
				<Linker>
					<Add option="-s" />
				</Linker>
			</Target>
		</Build>
		<Compiler>
			<Add option="-Wall" />
			<Add option="-fexceptions" />
		</Compiler>
		<Unit filename="source\main.cpp" />
		<Extensions>
			<code_completion />
			<envvars />
			<debugger />
			<lib_finder disable_auto="1" />
		</Extensions>
	</Project>
</CodeBlocks_project_file>
