<?xml version="1.0" encoding="UTF-8" standalone="yes" ?>
<CodeBlocks_project_file>
	<FileVersion major="1" minor="6" />
	<Project>
		<Option title="adamantengine" />
		<Option pch_mode="2" />
		<Option compiler="gcc" />
		<Build>
			<Target title="Debug">
				<Option output="..\..\..\bin\adamantengine" prefix_auto="1" extension_auto="1" />
				<Option working_dir="..\..\..\bin\" />
				<Option object_output="obj\Debug\" />
				<Option type="3" />
				<Option compiler="gcc" />
				<Option createDefFile="1" />
				<Option createStaticLib="1" />
				<Compiler>
					<Add option="-g" />
					<Add option="-DDLL_EXPORT" />
					<Add directory="..\..\..\contrib\mingw\include" />
					<Add directory="..\..\..\contrib\include" />
					<Add directory="..\..\..\contrib\mingw\include\SDL" />
				</Compiler>
				<Linker>
					<Add option="-lmingw32" />
					<Add library="..\..\..\contrib\mingw\lib\libSDL.dll.a" />
					<Add library="..\..\..\contrib\mingw\lib\libSDLmain.a" />
					<Add directory="..\..\..\contrib\mingw\lib" />
					<Add directory="..\..\..\contrib\lib" />
				</Linker>
			</Target>
			<Target title="Release">
				<Option output="..\..\..\bin\Ming\adamantengine" prefix_auto="1" extension_auto="1" />
				<Option working_dir="..\..\..\bin\" />
				<Option object_output="obj\Release\" />
				<Option type="3" />
				<Option compiler="gcc" />
				<Option createDefFile="1" />
				<Option createStaticLib="1" />
				<Compiler>
					<Add option="-O2" />
					<Add option="-DDLL_EXPORT" />
					<Add directory="..\..\..\contrib\mingw\include" />
					<Add directory="..\..\..\contrib\include" />
				</Compiler>
				<Linker>
					<Add option="-s" />
					<Add option="-lmingw32" />
					<Add library="..\..\..\contrib\mingw\lib\libSDL.dll.a" />
					<Add library="..\..\..\contrib\mingw\lib\libSDLmain.a" />
					<Add directory="..\..\..\contrib\mingw\lib" />
					<Add directory="..\..\..\contrib\lib" />
				</Linker>
			</Target>
		</Build>
		<Compiler>
			<Add option="-Wall" />
		</Compiler>
		<Unit filename="..\..\..\src\AdamantEngine.h" />
		<Unit filename="..\..\..\src\AnimatedSprite.cpp" />
		<Unit filename="..\..\..\src\AnimatedSprite.h" />
		<Unit filename="..\..\..\src\App.cpp" />
		<Unit filename="..\..\..\src\App.h" />
		<Unit filename="..\..\..\src\CollisionItem.hpp" />
		<Unit filename="..\..\..\src\GameObject.cpp" />
		<Unit filename="..\..\..\src\GameObject.h" />
		<Unit filename="..\..\..\src\PositionDataTypes.h" />
		<Unit filename="..\..\..\src\Sound.cpp" />
		<Unit filename="..\..\..\src\Sound.h" />
		<Unit filename="..\..\..\src\Sprite.cpp" />
		<Unit filename="..\..\..\src\Sprite.h" />
		<Unit filename="..\..\..\src\TileEngine.cpp" />
		<Unit filename="..\..\..\src\TileEngine.h" />
		<Unit filename="..\..\..\src\Timer.cpp" />
		<Unit filename="..\..\..\src\Timer.h" />
		<Unit filename="..\..\..\src\version.h" />
		<Extensions>
			<code_completion />
			<debugger />
			<envvars />
		</Extensions>
	</Project>
</CodeBlocks_project_file>
